
Microsoft Visual Studio Solution File, Format Version 12.00
# Visual Studio Version 16
VisualStudioVersion = 16.0.28407.52
MinimumVisualStudioVersion = 10.0.40219.1
Project("{FAE04EC0-301F-11D3-BF4B-00C04F79EFBC}") = "Imuaythai.Refereeing", "Imuaythai.Refereeing\Imuaythai.Refereeing.csproj", "{EF76F4C6-B292-4D27-94DF-52CD30B66E45}"
EndProject
Global
	GlobalSection(SolutionConfigurationPlatforms) = preSolution
		Debug|Any CPU = Debug|Any CPU
		Release|Any CPU = Release|Any CPU
	EndGlobalSection
	GlobalSection(ProjectConfigurationPlatforms) = postSolution
		{EF76F4C6-B292-4D27-94DF-52CD30B66E45}.Debug|Any CPU.ActiveCfg = Debug|Any CPU
		{EF76F4C6-B292-4D27-94DF-52CD30B66E45}.Debug|Any CPU.Build.0 = Debug|Any CPU
		{EF76F4C6-B292-4D27-94DF-52CD30B66E45}.Release|Any CPU.ActiveCfg = Release|Any CPU
		{EF76F4C6-B292-4D27-94DF-52CD30B66E45}.Release|Any CPU.Build.0 = Release|Any CPU
	EndGlobalSection
	GlobalSection(SolutionProperties) = preSolution
		HideSolutionNode = FALSE
	EndGlobalSection
	GlobalSection(ExtensibilityGlobals) = postSolution
		SolutionGuid = {3DCDF896-9A4E-4BE5-8F60-D7BB1B2A5E03}
	EndGlobalSection
EndGlobal
